
Microsoft Visual Studio Solution File, Format Version 12.00
# Visual Studio Version 17
VisualStudioVersion = 17.7.34031.279
MinimumVisualStudioVersion = 10.0.40219.1
Project("{9A19103F-16F7-4668-BE54-9A1E7A4F7556}") = "CoreApp", "CoreApp\CoreApp.csproj", "{0F61879E-E24F-4A09-926E-8FDC7407CABD}"
EndProject
Project("{9A19103F-16F7-4668-BE54-9A1E7A4F7556}") = "FrameworkApp", "FrameworkApp\FrameworkApp.csproj", "{3BD24500-6E00-4FA4-9F79-FDC5060FCE94}"
EndProject
Project("{9A19103F-16F7-4668-BE54-9A1E7A4F7556}") = "MasterApp", "MasterApp\MasterApp.csproj", "{5DCD34A2-EA84-4E1D-A836-ED6A0E301A48}"
EndProject
Global
	GlobalSection(SolutionConfigurationPlatforms) = preSolution
		Debug|Any CPU = Debug|Any CPU
		Release|Any CPU = Release|Any CPU
	EndGlobalSection
	GlobalSection(ProjectConfigurationPlatforms) = postSolution
		{0F61879E-E24F-4A09-926E-8FDC7407CABD}.Debug|Any CPU.ActiveCfg = Debug|Any CPU
		{0F61879E-E24F-4A09-926E-8FDC7407CABD}.Debug|Any CPU.Build.0 = Debug|Any CPU
		{0F61879E-E24F-4A09-926E-8FDC7407CABD}.Release|Any CPU.ActiveCfg = Release|Any CPU
		{0F61879E-E24F-4A09-926E-8FDC7407CABD}.Release|Any CPU.Build.0 = Release|Any CPU
		{3BD24500-6E00-4FA4-9F79-FDC5060FCE94}.Debug|Any CPU.ActiveCfg = Debug|Any CPU
		{3BD24500-6E00-4FA4-9F79-FDC5060FCE94}.Debug|Any CPU.Build.0 = Debug|Any CPU
		{3BD24500-6E00-4FA4-9F79-FDC5060FCE94}.Release|Any CPU.ActiveCfg = Release|Any CPU
		{3BD24500-6E00-4FA4-9F79-FDC5060FCE94}.Release|Any CPU.Build.0 = Release|Any CPU
		{5DCD34A2-EA84-4E1D-A836-ED6A0E301A48}.Debug|Any CPU.ActiveCfg = Debug|Any CPU
		{5DCD34A2-EA84-4E1D-A836-ED6A0E301A48}.Debug|Any CPU.Build.0 = Debug|Any CPU
		{5DCD34A2-EA84-4E1D-A836-ED6A0E301A48}.Release|Any CPU.ActiveCfg = Release|Any CPU
		{5DCD34A2-EA84-4E1D-A836-ED6A0E301A48}.Release|Any CPU.Build.0 = Release|Any CPU
	EndGlobalSection
	GlobalSection(SolutionProperties) = preSolution
		HideSolutionNode = FALSE
	EndGlobalSection
	GlobalSection(ExtensibilityGlobals) = postSolution
		SolutionGuid = {FD669CC3-82E3-44D3-B872-C6224C76BB90}
	EndGlobalSection
EndGlobal
